# THIS IS AN AUTOGENERATED FILE. DO NOT EDIT THIS FILE DIRECTLY.
# yarn lockfile v1


renative-template-blank@0.35.4:
  version "0.35.4"
  resolved "https://registry.yarnpkg.com/renative-template-blank/-/renative-template-blank-0.35.4.tgz#5b5045153d06ed7c6f66c9ba1f966eb97db57047"
  integrity sha512-bttMgUil6sSvDDIofCHaJuXxdnWy1EeIJxfVNlGWvt3j9DCPROuSwZDZciwnHIe0lZSRNtsr4wflz8nIFbRGCw==
